
Microsoft Visual Studio Solution File, Format Version 12.00
# Visual Studio Version 16
VisualStudioVersion = 16.0.31205.134
MinimumVisualStudioVersion = 10.0.40219.1
Project("{9A19103F-16F7-4668-BE54-9A1E7A4F7556}") = "Butterfly", "Butterfly.csproj", "{2C1908A9-3F16-4829-BB16-FCEBD6C3455C}"
EndProject
Global
	GlobalSection(SolutionConfigurationPlatforms) = preSolution
		Debug|Any CPU = Debug|Any CPU
		Release|Any CPU = Release|Any CPU
	EndGlobalSection
	GlobalSection(ProjectConfigurationPlatforms) = postSolution
		{2C1908A9-3F16-4829-BB16-FCEBD6C3455C}.Debug|Any CPU.ActiveCfg = Debug|Any CPU
		{2C1908A9-3F16-4829-BB16-FCEBD6C3455C}.Debug|Any CPU.Build.0 = Debug|Any CPU
		{2C1908A9-3F16-4829-BB16-FCEBD6C3455C}.Release|Any CPU.ActiveCfg = Release|Any CPU
	EndGlobalSection
	GlobalSection(SolutionProperties) = preSolution
		HideSolutionNode = FALSE
	EndGlobalSection
	GlobalSection(ExtensibilityGlobals) = postSolution
		SolutionGuid = {2B058DA4-1246-45A2-9CE8-DA31D24C33B0}
	EndGlobalSection
EndGlobal
